// !$*UTF8*$!
{
	archiveVersion = 1;
	classes = {
	};
	objectVersion = 77;
objects = {
/* Begin PBXBuildFile section */
		28D0000B0000000000000001 /* FairSplitWidget.appex in Embed App Extensions */ = {isa = PBXBuildFile; fileRef = 28D000050000000000000001 /* FairSplitWidget.appex */; settings = {ATTRIBUTES = (RemoveHeadersOnCopy, ); }; };
/* End PBXBuildFile section */

/* Begin PBXContainerItemProxy section */
		28AC098A2E5AA733002A301A /* PBXContainerItemProxy */ = {
			isa = PBXContainerItemProxy;
			containerPortal = 28AC09722E5AA732002A301A /* Project object */;
			proxyType = 1;
			remoteGlobalIDString = 28AC09792E5AA732002A301A;
			remoteInfo = FairSplit;
		};
		28AC09942E5AA733002A301A /* PBXContainerItemProxy */ = {
			isa = PBXContainerItemProxy;
			containerPortal = 28AC09722E5AA732002A301A /* Project object */;
			proxyType = 1;
			remoteGlobalIDString = 28AC09792E5AA732002A301A;
			remoteInfo = FairSplit;
		};
/* End PBXContainerItemProxy section */

/* Begin PBXFileReference section */
		28AABB7D2E5AB3F0007E8474 /* plan.md */ = {isa = PBXFileReference; lastKnownFileType = net.daringfireball.markdown; path = plan.md; sourceTree = "<group>"; };
		28AC097A2E5AA732002A301A /* FairSplit.app */ = {isa = PBXFileReference; explicitFileType = wrapper.application; includeInIndex = 0; path = FairSplit.app; sourceTree = BUILT_PRODUCTS_DIR; };
		28AC09892E5AA733002A301A /* FairSplitTests.xctest */ = {isa = PBXFileReference; explicitFileType = wrapper.cfbundle; includeInIndex = 0; path = FairSplitTests.xctest; sourceTree = BUILT_PRODUCTS_DIR; };
		28AC09932E5AA733002A301A /* FairSplitUITests.xctest */ = {isa = PBXFileReference; explicitFileType = wrapper.cfbundle; includeInIndex = 0; path = FairSplitUITests.xctest; sourceTree = BUILT_PRODUCTS_DIR; };
\t\t28D000050000000000000001 /* FairSplitWidget.appex */ = {isa = PBXFileReference; explicitFileType = wrapper.app-extension; includeInIndex = 0; path = FairSplitWidget.appex; sourceTree = BUILT_PRODUCTS_DIR; };
/* End PBXFileReference section */

/* Begin PBXFileSystemSynchronizedRootGroup section */
		28AC097C2E5AA732002A301A /* FairSplit */ = {
			isa = PBXFileSystemSynchronizedRootGroup;
			path = FairSplit;
			sourceTree = "<group>";
		};
		28AC098C2E5AA733002A301A /* FairSplitTests */ = {
			isa = PBXFileSystemSynchronizedRootGroup;
			path = FairSplitTests;
			sourceTree = "<group>";
		};
		28AC09962E5AA733002A301A /* FairSplitUITests */ = {
			isa = PBXFileSystemSynchronizedRootGroup;
			path = FairSplitUITests;
			sourceTree = "<group>";
		};
\t\t28D000060000000000000001 /* FairSplitWidget */ = {
\t\t\tisa = PBXFileSystemSynchronizedRootGroup;
\t\t\tpath = FairSplitWidget;
\t\t\tsourceTree = "<group>";
\t\t};
/* End PBXFileSystemSynchronizedRootGroup section */

/* Begin PBXFrameworksBuildPhase section */
		28AC09772E5AA732002A301A /* Frameworks */ = {
			isa = PBXFrameworksBuildPhase;
			buildActionMask = 2147483647;
			files = (
			);
			runOnlyForDeploymentPostprocessing = 0;
		};
		28AC09862E5AA733002A301A /* Frameworks */ = {
			isa = PBXFrameworksBuildPhase;
			buildActionMask = 2147483647;
			files = (
			);
			runOnlyForDeploymentPostprocessing = 0;
		};
		28AC09902E5AA733002A301A /* Frameworks */ = {
			isa = PBXFrameworksBuildPhase;
			buildActionMask = 2147483647;
			files = (
			);
			runOnlyForDeploymentPostprocessing = 0;
		};
 		28D000080000000000000001 /* Frameworks */ = {
 			isa = PBXFrameworksBuildPhase;
 			buildActionMask = 2147483647;
 			files = (
 			);
 			runOnlyForDeploymentPostprocessing = 0;
 		};
/* End PBXFrameworksBuildPhase section */

/* Begin PBXGroup section */
		28AC09712E5AA732002A301A = {
			isa = PBXGroup;
			children = (
				28AABB7D2E5AB3F0007E8474 /* plan.md */,
				28AC097C2E5AA732002A301A /* FairSplit */,
				28AC098C2E5AA733002A301A /* FairSplitTests */,
				28AC09962E5AA733002A301A /* FairSplitUITests */,
				28D000060000000000000001 /* FairSplitWidget */,
				28AC097B2E5AA732002A301A /* Products */,
			);
			sourceTree = "<group>";
		};
		28AC097B2E5AA732002A301A /* Products */ = {
			isa = PBXGroup;
			children = (
				28AC097A2E5AA732002A301A /* FairSplit.app */,
				28AC09892E5AA733002A301A /* FairSplitTests.xctest */,
				28AC09932E5AA733002A301A /* FairSplitUITests.xctest */,
				28D000050000000000000001 /* FairSplitWidget.appex */,
			);
			name = Products;
			sourceTree = "<group>";
		};
/* End PBXGroup section */

/* Begin PBXNativeTarget section */
		28AC09792E5AA732002A301A /* FairSplit */ = {
			isa = PBXNativeTarget;
			buildConfigurationList = 28AC099D2E5AA733002A301A /* Build configuration list for PBXNativeTarget "FairSplit" */;
			buildPhases = (
				28AC09762E5AA732002A301A /* Sources */,
				28AC09772E5AA732002A301A /* Frameworks */,
				28AC09782E5AA732002A301A /* Resources */,
				28D0000A0000000000000001 /* Embed App Extensions */,
			);
			buildRules = (
			);
			dependencies = (
			);
			fileSystemSynchronizedGroups = (
				28AC097C2E5AA732002A301A /* FairSplit */,
			);
			name = FairSplit;
			packageProductDependencies = (
			);
			productName = FairSplit;
			productReference = 28AC097A2E5AA732002A301A /* FairSplit.app */;
			productType = "com.apple.product-type.application";
		};
		28AC09882E5AA733002A301A /* FairSplitTests */ = {
			isa = PBXNativeTarget;
			buildConfigurationList = 28AC09A02E5AA733002A301A /* Build configuration list for PBXNativeTarget "FairSplitTests" */;
			buildPhases = (
				28AC09852E5AA733002A301A /* Sources */,
				28AC09862E5AA733002A301A /* Frameworks */,
				28AC09872E5AA733002A301A /* Resources */,
			);
			buildRules = (
			);
			dependencies = (
				28AC098B2E5AA733002A301A /* PBXTargetDependency */,
			);
			fileSystemSynchronizedGroups = (
				28AC098C2E5AA733002A301A /* FairSplitTests */,
			);
			name = FairSplitTests;
			packageProductDependencies = (
			);
			productName = FairSplitTests;
			productReference = 28AC09892E5AA733002A301A /* FairSplitTests.xctest */;
			productType = "com.apple.product-type.bundle.unit-test";
		};
		28AC09922E5AA733002A301A /* FairSplitUITests */ = {
			isa = PBXNativeTarget;
			buildConfigurationList = 28AC09A32E5AA733002A301A /* Build configuration list for PBXNativeTarget "FairSplitUITests" */;
			buildPhases = (
				28AC098F2E5AA733002A301A /* Sources */,
				28AC09902E5AA733002A301A /* Frameworks */,
				28AC09912E5AA733002A301A /* Resources */,
			);
			buildRules = (
			);
			dependencies = (
				28AC09952E5AA733002A301A /* PBXTargetDependency */,
			);
			fileSystemSynchronizedGroups = (
				28AC09962E5AA733002A301A /* FairSplitUITests */,
			);
			name = FairSplitUITests;
			packageProductDependencies = (
			);
			productName = FairSplitUITests;
			productReference = 28AC09932E5AA733002A301A /* FairSplitUITests.xctest */;
			productType = "com.apple.product-type.bundle.ui-testing";
		};
		28D000010000000000000001 /* FairSplitWidget */ = {
			isa = PBXNativeTarget;
			buildConfigurationList = 28D000020000000000000001 /* Build configuration list for PBXNativeTarget "FairSplitWidget" */;
			buildPhases = (
				28D000070000000000000001 /* Sources */,
				28D000080000000000000001 /* Frameworks */,
				28D000090000000000000001 /* Resources */,
			);
			buildRules = (
			);
			dependencies = (
			);
			fileSystemSynchronizedGroups = (
				28D000060000000000000001 /* FairSplitWidget */,
			);
			name = FairSplitWidget;
			packageProductDependencies = (
			);
			productName = FairSplitWidget;
			productReference = 28D000050000000000000001 /* FairSplitWidget.appex */;
			productType = "com.apple.product-type.app-extension";
		};
/* End PBXNativeTarget section */

/* Begin PBXProject section */
		28AC09722E5AA732002A301A /* Project object */ = {
			isa = PBXProject;
			attributes = {
				BuildIndependentTargetsInParallel = 1;
				LastSwiftUpdateCheck = 1640;
				LastUpgradeCheck = 2600;
				TargetAttributes = {
					28AC09792E5AA732002A301A = {
						CreatedOnToolsVersion = 16.4;
					};
					28AC09882E5AA733002A301A = {
						CreatedOnToolsVersion = 16.4;
						TestTargetID = 28AC09792E5AA732002A301A;
					};
					28AC09922E5AA733002A301A = {
						CreatedOnToolsVersion = 16.4;
						TestTargetID = 28AC09792E5AA732002A301A;
					};
					28D000010000000000000001 = {
						CreatedOnToolsVersion = 16.4;
					};
				};
			};
			buildConfigurationList = 28AC09752E5AA732002A301A /* Build configuration list for PBXProject "FairSplit" */;
			developmentRegion = en;
			hasScannedForEncodings = 0;
			knownRegions = (
				en,
				Base,
			);
			mainGroup = 28AC09712E5AA732002A301A;
			minimizedProjectReferenceProxies = 1;
			preferredProjectObjectVersion = 77;
			productRefGroup = 28AC097B2E5AA732002A301A /* Products */;
			projectDirPath = "";
			projectRoot = "";
			targets = (
				28AC09792E5AA732002A301A /* FairSplit */,
				28AC09882E5AA733002A301A /* FairSplitTests */,
				28AC09922E5AA733002A301A /* FairSplitUITests */,
				28D000010000000000000001 /* FairSplitWidget */,
			);
		};
/* End PBXProject section */

/* Begin PBXResourcesBuildPhase section */
		28AC09782E5AA732002A301A /* Resources */ = {
			isa = PBXResourcesBuildPhase;
			buildActionMask = 2147483647;
			files = (
			);
			runOnlyForDeploymentPostprocessing = 0;
		};
		28AC09872E5AA733002A301A /* Resources */ = {
			isa = PBXResourcesBuildPhase;
			buildActionMask = 2147483647;
			files = (
			);
			runOnlyForDeploymentPostprocessing = 0;
		};
		28AC09912E5AA733002A301A /* Resources */ = {
			isa = PBXResourcesBuildPhase;
			buildActionMask = 2147483647;
			files = (
			);
			runOnlyForDeploymentPostprocessing = 0;
		};
 		28D000090000000000000001 /* Resources */ = {
 			isa = PBXResourcesBuildPhase;
 			buildActionMask = 2147483647;
 			files = (
 			);
 			runOnlyForDeploymentPostprocessing = 0;
 		};
/* End PBXResourcesBuildPhase section */

/* Begin PBXCopyFilesBuildPhase section */
		28D0000A0000000000000001 /* Embed App Extensions */ = {
			isa = PBXCopyFilesBuildPhase;
			buildActionMask = 2147483647;
			dstPath = "";
			dstSubfolderSpec = 13;
			files = (
				28D0000B0000000000000001 /* FairSplitWidget.appex in Embed App Extensions */,
			);
			name = "Embed App Extensions";
			runOnlyForDeploymentPostprocessing = 0;
		};
/* End PBXCopyFilesBuildPhase section */

/* Begin PBXSourcesBuildPhase section */
		28AC09762E5AA732002A301A /* Sources */ = {
			isa = PBXSourcesBuildPhase;
			buildActionMask = 2147483647;
			files = (
			);
			runOnlyForDeploymentPostprocessing = 0;
		};
		28AC09852E5AA733002A301A /* Sources */ = {
			isa = PBXSourcesBuildPhase;
			buildActionMask = 2147483647;
			files = (
			);
			runOnlyForDeploymentPostprocessing = 0;
		};
		28AC098F2E5AA733002A301A /* Sources */ = {
			isa = PBXSourcesBuildPhase;
			buildActionMask = 2147483647;
			files = (
			);
			runOnlyForDeploymentPostprocessing = 0;
		};
 		28D000070000000000000001 /* Sources */ = {
 			isa = PBXSourcesBuildPhase;
 			buildActionMask = 2147483647;
 			files = (
 			);
 			runOnlyForDeploymentPostprocessing = 0;
 		};
/* End PBXSourcesBuildPhase section */

/* Begin PBXTargetDependency section */
		28AC098B2E5AA733002A301A /* PBXTargetDependency */ = {
			isa = PBXTargetDependency;
			target = 28AC09792E5AA732002A301A /* FairSplit */;
			targetProxy = 28AC098A2E5AA733002A301A /* PBXContainerItemProxy */;
		};
		28AC09952E5AA733002A301A /* PBXTargetDependency */ = {
			isa = PBXTargetDependency;
			target = 28AC09792E5AA732002A301A /* FairSplit */;
			targetProxy = 28AC09942E5AA733002A301A /* PBXContainerItemProxy */;
		};
/* End PBXTargetDependency section */

/* Begin XCBuildConfiguration section */
		28AC099B2E5AA733002A301A /* Debug */ = {
			isa = XCBuildConfiguration;
			buildSettings = {
				ALWAYS_SEARCH_USER_PATHS = NO;
				ASSETCATALOG_COMPILER_GENERATE_SWIFT_ASSET_SYMBOL_EXTENSIONS = YES;
				CLANG_ANALYZER_NONNULL = YES;
				CLANG_ANALYZER_NUMBER_OBJECT_CONVERSION = YES_AGGRESSIVE;
				CLANG_CXX_LANGUAGE_STANDARD = "gnu++20";
				CLANG_ENABLE_MODULES = YES;
				CLANG_ENABLE_OBJC_ARC = YES;
				CLANG_ENABLE_OBJC_WEAK = YES;
				CLANG_WARN_BLOCK_CAPTURE_AUTORELEASING = YES;
				CLANG_WARN_BOOL_CONVERSION = YES;
				CLANG_WARN_COMMA = YES;
				CLANG_WARN_CONSTANT_CONVERSION = YES;
				CLANG_WARN_DEPRECATED_OBJC_IMPLEMENTATIONS = YES;
				CLANG_WARN_DIRECT_OBJC_ISA_USAGE = YES_ERROR;
				CLANG_WARN_DOCUMENTATION_COMMENTS = YES;
				CLANG_WARN_EMPTY_BODY = YES;
				CLANG_WARN_ENUM_CONVERSION = YES;
				CLANG_WARN_INFINITE_RECURSION = YES;
				CLANG_WARN_INT_CONVERSION = YES;
				CLANG_WARN_NON_LITERAL_NULL_CONVERSION = YES;
				CLANG_WARN_OBJC_IMPLICIT_RETAIN_SELF = YES;
				CLANG_WARN_OBJC_LITERAL_CONVERSION = YES;
				CLANG_WARN_OBJC_ROOT_CLASS = YES_ERROR;
				CLANG_WARN_QUOTED_INCLUDE_IN_FRAMEWORK_HEADER = YES;
				CLANG_WARN_RANGE_LOOP_ANALYSIS = YES;
				CLANG_WARN_STRICT_PROTOTYPES = YES;
				CLANG_WARN_SUSPICIOUS_MOVE = YES;
				CLANG_WARN_UNGUARDED_AVAILABILITY = YES_AGGRESSIVE;
				CLANG_WARN_UNREACHABLE_CODE = YES;
				CLANG_WARN__DUPLICATE_METHOD_MATCH = YES;
				COPY_PHASE_STRIP = NO;
				DEBUG_INFORMATION_FORMAT = dwarf;
				ENABLE_STRICT_OBJC_MSGSEND = YES;
				ENABLE_TESTABILITY = YES;
				ENABLE_USER_SCRIPT_SANDBOXING = YES;
				GCC_C_LANGUAGE_STANDARD = gnu17;
				GCC_DYNAMIC_NO_PIC = NO;
				GCC_NO_COMMON_BLOCKS = YES;
				GCC_OPTIMIZATION_LEVEL = 0;
				GCC_PREPROCESSOR_DEFINITIONS = (
					"DEBUG=1",
					"$(inherited)",
				);
				GCC_WARN_64_TO_32_BIT_CONVERSION = YES;
				GCC_WARN_ABOUT_RETURN_TYPE = YES_ERROR;
				GCC_WARN_UNDECLARED_SELECTOR = YES;
				GCC_WARN_UNINITIALIZED_AUTOS = YES_AGGRESSIVE;
				GCC_WARN_UNUSED_FUNCTION = YES;
				GCC_WARN_UNUSED_VARIABLE = YES;
				IPHONEOS_DEPLOYMENT_TARGET = 18.5;
				LOCALIZATION_PREFERS_STRING_CATALOGS = YES;
				MTL_ENABLE_DEBUG_INFO = INCLUDE_SOURCE;
				MTL_FAST_MATH = YES;
				ONLY_ACTIVE_ARCH = YES;
				SDKROOT = iphoneos;
				STRING_CATALOG_GENERATE_SYMBOLS = YES;
				SWIFT_ACTIVE_COMPILATION_CONDITIONS = "DEBUG $(inherited)";
				SWIFT_OPTIMIZATION_LEVEL = "-Onone";
			};
			name = Debug;
		};
		28AC099C2E5AA733002A301A /* Release */ = {
			isa = XCBuildConfiguration;
			buildSettings = {
				ALWAYS_SEARCH_USER_PATHS = NO;
				ASSETCATALOG_COMPILER_GENERATE_SWIFT_ASSET_SYMBOL_EXTENSIONS = YES;
				CLANG_ANALYZER_NONNULL = YES;
				CLANG_ANALYZER_NUMBER_OBJECT_CONVERSION = YES_AGGRESSIVE;
				CLANG_CXX_LANGUAGE_STANDARD = "gnu++20";
				CLANG_ENABLE_MODULES = YES;
				CLANG_ENABLE_OBJC_ARC = YES;
				CLANG_ENABLE_OBJC_WEAK = YES;
				CLANG_WARN_BLOCK_CAPTURE_AUTORELEASING = YES;
				CLANG_WARN_BOOL_CONVERSION = YES;
				CLANG_WARN_COMMA = YES;
				CLANG_WARN_CONSTANT_CONVERSION = YES;
				CLANG_WARN_DEPRECATED_OBJC_IMPLEMENTATIONS = YES;
				CLANG_WARN_DIRECT_OBJC_ISA_USAGE = YES_ERROR;
				CLANG_WARN_DOCUMENTATION_COMMENTS = YES;
				CLANG_WARN_EMPTY_BODY = YES;
				CLANG_WARN_ENUM_CONVERSION = YES;
				CLANG_WARN_INFINITE_RECURSION = YES;
				CLANG_WARN_INT_CONVERSION = YES;
				CLANG_WARN_NON_LITERAL_NULL_CONVERSION = YES;
				CLANG_WARN_OBJC_IMPLICIT_RETAIN_SELF = YES;
				CLANG_WARN_OBJC_LITERAL_CONVERSION = YES;
				CLANG_WARN_OBJC_ROOT_CLASS = YES_ERROR;
				CLANG_WARN_QUOTED_INCLUDE_IN_FRAMEWORK_HEADER = YES;
				CLANG_WARN_RANGE_LOOP_ANALYSIS = YES;
				CLANG_WARN_STRICT_PROTOTYPES = YES;
				CLANG_WARN_SUSPICIOUS_MOVE = YES;
				CLANG_WARN_UNGUARDED_AVAILABILITY = YES_AGGRESSIVE;
				CLANG_WARN_UNREACHABLE_CODE = YES;
				CLANG_WARN__DUPLICATE_METHOD_MATCH = YES;
				COPY_PHASE_STRIP = NO;
				DEBUG_INFORMATION_FORMAT = "dwarf-with-dsym";
				ENABLE_NS_ASSERTIONS = NO;
				ENABLE_STRICT_OBJC_MSGSEND = YES;
				ENABLE_USER_SCRIPT_SANDBOXING = YES;
				GCC_C_LANGUAGE_STANDARD = gnu17;
				GCC_NO_COMMON_BLOCKS = YES;
				GCC_WARN_64_TO_32_BIT_CONVERSION = YES;
				GCC_WARN_ABOUT_RETURN_TYPE = YES_ERROR;
				GCC_WARN_UNDECLARED_SELECTOR = YES;
				GCC_WARN_UNINITIALIZED_AUTOS = YES_AGGRESSIVE;
				GCC_WARN_UNUSED_FUNCTION = YES;
				GCC_WARN_UNUSED_VARIABLE = YES;
				IPHONEOS_DEPLOYMENT_TARGET = 18.5;
				LOCALIZATION_PREFERS_STRING_CATALOGS = YES;
				MTL_ENABLE_DEBUG_INFO = NO;
				MTL_FAST_MATH = YES;
				SDKROOT = iphoneos;
				STRING_CATALOG_GENERATE_SYMBOLS = YES;
				SWIFT_COMPILATION_MODE = wholemodule;
				VALIDATE_PRODUCT = YES;
			};
			name = Release;
		};
		28AC099E2E5AA733002A301A /* Debug */ = {
			isa = XCBuildConfiguration;
			buildSettings = {
				ASSETCATALOG_COMPILER_APPICON_NAME = AppIcon;
				ASSETCATALOG_COMPILER_GLOBAL_ACCENT_COLOR_NAME = AccentColor;
				CODE_SIGN_STYLE = Automatic;
				CURRENT_PROJECT_VERSION = 1;
				DEVELOPMENT_TEAM = 3M7NY3S898;
				ENABLE_PREVIEWS = YES;
				GENERATE_INFOPLIST_FILE = YES;
				INFOPLIST_KEY_UIApplicationSceneManifest_Generation = YES;
				INFOPLIST_KEY_UIApplicationSupportsIndirectInputEvents = YES;
				INFOPLIST_KEY_UILaunchScreen_Generation = YES;
				INFOPLIST_KEY_UISupportedInterfaceOrientations_iPad = "UIInterfaceOrientationPortrait UIInterfaceOrientationPortraitUpsideDown UIInterfaceOrientationLandscapeLeft UIInterfaceOrientationLandscapeRight";
				INFOPLIST_KEY_UISupportedInterfaceOrientations_iPhone = "UIInterfaceOrientationPortrait UIInterfaceOrientationLandscapeLeft UIInterfaceOrientationLandscapeRight";
				LD_RUNPATH_SEARCH_PATHS = (
					"$(inherited)",
					"@executable_path/Frameworks",
				);
				MARKETING_VERSION = 1.0;
				PRODUCT_BUNDLE_IDENTIFIER = com.sviftstudios.FairSplit;
				INFOPLIST_KEY_CFBundleURLTypes = (
					{
						CFBundleURLName = fairsplit;
						CFBundleURLSchemes = (
							fairsplit,
						);
					},
				);
				PRODUCT_NAME = "$(TARGET_NAME)";
				SWIFT_EMIT_LOC_STRINGS = YES;
				SWIFT_VERSION = 5.0;
				TARGETED_DEVICE_FAMILY = "1,2";
			};
			name = Debug;
		};
		28AC099F2E5AA733002A301A /* Release */ = {
			isa = XCBuildConfiguration;
			buildSettings = {
				ASSETCATALOG_COMPILER_APPICON_NAME = AppIcon;
				ASSETCATALOG_COMPILER_GLOBAL_ACCENT_COLOR_NAME = AccentColor;
				CODE_SIGN_STYLE = Automatic;
				CURRENT_PROJECT_VERSION = 1;
				DEVELOPMENT_TEAM = 3M7NY3S898;
				ENABLE_PREVIEWS = YES;
				GENERATE_INFOPLIST_FILE = YES;
				INFOPLIST_KEY_UIApplicationSceneManifest_Generation = YES;
				INFOPLIST_KEY_UIApplicationSupportsIndirectInputEvents = YES;
				INFOPLIST_KEY_UILaunchScreen_Generation = YES;
				INFOPLIST_KEY_UISupportedInterfaceOrientations_iPad = "UIInterfaceOrientationPortrait UIInterfaceOrientationPortraitUpsideDown UIInterfaceOrientationLandscapeLeft UIInterfaceOrientationLandscapeRight";
				INFOPLIST_KEY_UISupportedInterfaceOrientations_iPhone = "UIInterfaceOrientationPortrait UIInterfaceOrientationLandscapeLeft UIInterfaceOrientationLandscapeRight";
				LD_RUNPATH_SEARCH_PATHS = (
					"$(inherited)",
					"@executable_path/Frameworks",
				);
				MARKETING_VERSION = 1.0;
				PRODUCT_BUNDLE_IDENTIFIER = com.sviftstudios.FairSplit;
				INFOPLIST_KEY_CFBundleURLTypes = (
					{
						CFBundleURLName = fairsplit;
						CFBundleURLSchemes = (
							fairsplit,
						);
					},
				);
				PRODUCT_NAME = "$(TARGET_NAME)";
				SWIFT_EMIT_LOC_STRINGS = YES;
				SWIFT_VERSION = 5.0;
				TARGETED_DEVICE_FAMILY = "1,2";
			};
			name = Release;
		};
		28AC09A12E5AA733002A301A /* Debug */ = {
			isa = XCBuildConfiguration;
			buildSettings = {
				BUNDLE_LOADER = "$(TEST_HOST)";
				CODE_SIGN_STYLE = Automatic;
				CURRENT_PROJECT_VERSION = 1;
				GENERATE_INFOPLIST_FILE = YES;
				IPHONEOS_DEPLOYMENT_TARGET = 18.5;
				MARKETING_VERSION = 1.0;
				PRODUCT_BUNDLE_IDENTIFIER = com.sviftstudios.FairSplitTests;
				PRODUCT_NAME = "$(TARGET_NAME)";
				SWIFT_EMIT_LOC_STRINGS = NO;
				SWIFT_VERSION = 5.0;
				TARGETED_DEVICE_FAMILY = "1,2";
				TEST_HOST = "$(BUILT_PRODUCTS_DIR)/FairSplit.app/$(BUNDLE_EXECUTABLE_FOLDER_PATH)/FairSplit";
			};
			name = Debug;
		};
		28AC09A22E5AA733002A301A /* Release */ = {
			isa = XCBuildConfiguration;
			buildSettings = {
				BUNDLE_LOADER = "$(TEST_HOST)";
				CODE_SIGN_STYLE = Automatic;
				CURRENT_PROJECT_VERSION = 1;
				GENERATE_INFOPLIST_FILE = YES;
				IPHONEOS_DEPLOYMENT_TARGET = 18.5;
				MARKETING_VERSION = 1.0;
				PRODUCT_BUNDLE_IDENTIFIER = com.sviftstudios.FairSplitTests;
				PRODUCT_NAME = "$(TARGET_NAME)";
				SWIFT_EMIT_LOC_STRINGS = NO;
				SWIFT_VERSION = 5.0;
				TARGETED_DEVICE_FAMILY = "1,2";
				TEST_HOST = "$(BUILT_PRODUCTS_DIR)/FairSplit.app/$(BUNDLE_EXECUTABLE_FOLDER_PATH)/FairSplit";
			};
			name = Release;
		};
		28D000030000000000000001 /* Debug */ = {
			isa = XCBuildConfiguration;
			buildSettings = {
				CODE_SIGN_STYLE = Automatic;
				CURRENT_PROJECT_VERSION = 1;
				DEVELOPMENT_TEAM = 3M7NY3S898;
				GENERATE_INFOPLIST_FILE = YES;
				INFOPLIST_KEY_NSExtension_NSExtensionPointIdentifier = "com.apple.widgetkit-extension";
				IPHONEOS_DEPLOYMENT_TARGET = 18.5;
				MARKETING_VERSION = 1.0;
				PRODUCT_BUNDLE_IDENTIFIER = com.sviftstudios.FairSplit.Widget;
				PRODUCT_NAME = "$(TARGET_NAME)";
				SKIP_INSTALL = YES;
				SWIFT_EMIT_LOC_STRINGS = YES;
				SWIFT_VERSION = 5.0;
				TARGETED_DEVICE_FAMILY = "1,2";
			};
			name = Debug;
		};
		28D000040000000000000001 /* Release */ = {
			isa = XCBuildConfiguration;
			buildSettings = {
				CODE_SIGN_STYLE = Automatic;
				CURRENT_PROJECT_VERSION = 1;
				DEVELOPMENT_TEAM = 3M7NY3S898;
				GENERATE_INFOPLIST_FILE = YES;
				INFOPLIST_KEY_NSExtension_NSExtensionPointIdentifier = "com.apple.widgetkit-extension";
				IPHONEOS_DEPLOYMENT_TARGET = 18.5;
				MARKETING_VERSION = 1.0;
				PRODUCT_BUNDLE_IDENTIFIER = com.sviftstudios.FairSplit.Widget;
				PRODUCT_NAME = "$(TARGET_NAME)";
				SKIP_INSTALL = YES;
				SWIFT_EMIT_LOC_STRINGS = YES;
				SWIFT_VERSION = 5.0;
				TARGETED_DEVICE_FAMILY = "1,2";
			};
			name = Release;
		};
		28AC09A42E5AA733002A301A /* Debug */ = {
			isa = XCBuildConfiguration;
			buildSettings = {
				CODE_SIGN_STYLE = Automatic;
				CURRENT_PROJECT_VERSION = 1;
				GENERATE_INFOPLIST_FILE = YES;
				MARKETING_VERSION = 1.0;
				PRODUCT_BUNDLE_IDENTIFIER = com.sviftstudios.FairSplitUITests;
				PRODUCT_NAME = "$(TARGET_NAME)";
				SWIFT_EMIT_LOC_STRINGS = NO;
				SWIFT_VERSION = 5.0;
				TARGETED_DEVICE_FAMILY = "1,2";
				TEST_TARGET_NAME = FairSplit;
			};
			name = Debug;
		};
		28AC09A52E5AA733002A301A /* Release */ = {
			isa = XCBuildConfiguration;
			buildSettings = {
				CODE_SIGN_STYLE = Automatic;
				CURRENT_PROJECT_VERSION = 1;
				GENERATE_INFOPLIST_FILE = YES;
				MARKETING_VERSION = 1.0;
				PRODUCT_BUNDLE_IDENTIFIER = com.sviftstudios.FairSplitUITests;
				PRODUCT_NAME = "$(TARGET_NAME)";
				SWIFT_EMIT_LOC_STRINGS = NO;
				SWIFT_VERSION = 5.0;
				TARGETED_DEVICE_FAMILY = "1,2";
				TEST_TARGET_NAME = FairSplit;
			};
			name = Release;
		};
/* End XCBuildConfiguration section */

/* Begin XCConfigurationList section */
		28AC09752E5AA732002A301A /* Build configuration list for PBXProject "FairSplit" */ = {
			isa = XCConfigurationList;
			buildConfigurations = (
				28AC099B2E5AA733002A301A /* Debug */,
				28AC099C2E5AA733002A301A /* Release */,
			);
			defaultConfigurationIsVisible = 0;
			defaultConfigurationName = Release;
		};
		28AC099D2E5AA733002A301A /* Build configuration list for PBXNativeTarget "FairSplit" */ = {
			isa = XCConfigurationList;
			buildConfigurations = (
				28AC099E2E5AA733002A301A /* Debug */,
				28AC099F2E5AA733002A301A /* Release */,
			);
			defaultConfigurationIsVisible = 0;
			defaultConfigurationName = Release;
		};
		28AC09A02E5AA733002A301A /* Build configuration list for PBXNativeTarget "FairSplitTests" */ = {
			isa = XCConfigurationList;
			buildConfigurations = (
				28AC09A12E5AA733002A301A /* Debug */,
				28AC09A22E5AA733002A301A /* Release */,
			);
			defaultConfigurationIsVisible = 0;
			defaultConfigurationName = Release;
		};
		28AC09A32E5AA733002A301A /* Build configuration list for PBXNativeTarget "FairSplitUITests" */ = {
			isa = XCConfigurationList;
			buildConfigurations = (
				28AC09A42E5AA733002A301A /* Debug */,
				28AC09A52E5AA733002A301A /* Release */,
			);
			defaultConfigurationIsVisible = 0;
			defaultConfigurationName = Release;
		};
		28D000020000000000000001 /* Build configuration list for PBXNativeTarget "FairSplitWidget" */ = {
			isa = XCConfigurationList;
			buildConfigurations = (
				28D000030000000000000001 /* Debug */,
				28D000040000000000000001 /* Release */,
			);
			defaultConfigurationIsVisible = 0;
			defaultConfigurationName = Release;
		};
/* End XCConfigurationList section */
	};
	rootObject = 28AC09722E5AA732002A301A /* Project object */;
}
